
Microsoft Visual Studio Solution File, Format Version 12.00
# Visual Studio Version 17
VisualStudioVersion = 17.11.35431.28
MinimumVisualStudioVersion = 10.0.40219.1
Project("{FAE04EC0-301F-11D3-BF4B-00C04F79EFBC}") = "Memory", "Memory\Memory.csproj", "{9BC0A3DC-82EB-4778-992C-D7A2BC1DBED0}"
EndProject
Global
	GlobalSection(SolutionConfigurationPlatforms) = preSolution
		Debug|Any CPU = Debug|Any CPU
		Release|Any CPU = Release|Any CPU
	EndGlobalSection
	GlobalSection(ProjectConfigurationPlatforms) = postSolution
		{9BC0A3DC-82EB-4778-992C-D7A2BC1DBED0}.Debug|Any CPU.ActiveCfg = Debug|Any CPU
		{9BC0A3DC-82EB-4778-992C-D7A2BC1DBED0}.Debug|Any CPU.Build.0 = Debug|Any CPU
		{9BC0A3DC-82EB-4778-992C-D7A2BC1DBED0}.Release|Any CPU.ActiveCfg = Release|Any CPU
		{9BC0A3DC-82EB-4778-992C-D7A2BC1DBED0}.Release|Any CPU.Build.0 = Release|Any CPU
	EndGlobalSection
	GlobalSection(SolutionProperties) = preSolution
		HideSolutionNode = FALSE
	EndGlobalSection
	GlobalSection(ExtensibilityGlobals) = postSolution
		SolutionGuid = {06176914-61BE-4504-8570-DDAD7A18F928}
	EndGlobalSection
EndGlobal
