
Microsoft Visual Studio Solution File, Format Version 12.00
# Visual Studio Version 17
VisualStudioVersion = 17.11.35327.3
MinimumVisualStudioVersion = 10.0.40219.1
Project("{FAE04EC0-301F-11D3-BF4B-00C04F79EFBC}") = "Calculaman", "Calculaman\Calculaman.csproj", "{59591915-DD68-47E6-8DBB-0614ACBF765C}"
EndProject
Global
	GlobalSection(SolutionConfigurationPlatforms) = preSolution
		Debug|Any CPU = Debug|Any CPU
		Release|Any CPU = Release|Any CPU
	EndGlobalSection
	GlobalSection(ProjectConfigurationPlatforms) = postSolution
		{59591915-DD68-47E6-8DBB-0614ACBF765C}.Debug|Any CPU.ActiveCfg = Debug|Any CPU
		{59591915-DD68-47E6-8DBB-0614ACBF765C}.Debug|Any CPU.Build.0 = Debug|Any CPU
		{59591915-DD68-47E6-8DBB-0614ACBF765C}.Release|Any CPU.ActiveCfg = Release|Any CPU
		{59591915-DD68-47E6-8DBB-0614ACBF765C}.Release|Any CPU.Build.0 = Release|Any CPU
	EndGlobalSection
	GlobalSection(SolutionProperties) = preSolution
		HideSolutionNode = FALSE
	EndGlobalSection
	GlobalSection(ExtensibilityGlobals) = postSolution
		SolutionGuid = {0FBFA56A-69D5-46DA-A7FA-4D2A283678B7}
	EndGlobalSection
EndGlobal
