
Microsoft Visual Studio Solution File, Format Version 12.00
# Visual Studio Version 17
VisualStudioVersion = 17.11.35312.102
MinimumVisualStudioVersion = 10.0.40219.1
Project("{FAE04EC0-301F-11D3-BF4B-00C04F79EFBC}") = "Prueba1", "Prueba1\Prueba1.csproj", "{B0867A6D-E630-4957-AE30-B0795AB313DA}"
EndProject
Global
	GlobalSection(SolutionConfigurationPlatforms) = preSolution
		Debug|Any CPU = Debug|Any CPU
		Release|Any CPU = Release|Any CPU
	EndGlobalSection
	GlobalSection(ProjectConfigurationPlatforms) = postSolution
		{B0867A6D-E630-4957-AE30-B0795AB313DA}.Debug|Any CPU.ActiveCfg = Debug|Any CPU
		{B0867A6D-E630-4957-AE30-B0795AB313DA}.Debug|Any CPU.Build.0 = Debug|Any CPU
		{B0867A6D-E630-4957-AE30-B0795AB313DA}.Release|Any CPU.ActiveCfg = Release|Any CPU
		{B0867A6D-E630-4957-AE30-B0795AB313DA}.Release|Any CPU.Build.0 = Release|Any CPU
	EndGlobalSection
	GlobalSection(SolutionProperties) = preSolution
		HideSolutionNode = FALSE
	EndGlobalSection
	GlobalSection(ExtensibilityGlobals) = postSolution
		SolutionGuid = {0E7C2963-0633-48DE-BC1A-7772B20E718A}
	EndGlobalSection
EndGlobal
